{
  "name": "ub-boilerplate",
  "version": "1.0.0",
  "lockfileVersion": 1,
  "requires": true,
  "dependencies": {
    "@types/node": {
      "version": "10.12.21",
      "resolved": "https://registry.npmjs.org/@types/node/-/node-10.12.21.tgz",
      "integrity": "sha512-CBgLNk4o3XMnqMc0rhb6lc77IwShMEglz05deDcn2lQxyXEZivfwgYJu7SMha9V5XcrP6qZuevTHV/QrN2vjKQ=="
    },
    "@types/semver": {
      "version": "5.5.0",
      "resolved": "https://registry.npmjs.org/@types/semver/-/semver-5.5.0.tgz",
      "integrity": "sha512-41qEJgBH/TWgo5NFSvBCJ1qkoi3Q6ONSF2avrHq1LVEZfYpdHmj0y9SuTK+u9ZhG1sYQKBL1AWXKyLWP4RaUoQ=="
    },
    "@unitybase/adminui-pub": {
      "version": "5.6.24",
      "resolved": "https://registry.unitybase.info:443/@unitybase%2fadminui-pub/-/adminui-pub-5.6.24.tgz",
      "integrity": "sha512-FjhsqwMpNKu6/COWTFfuft3N4Jb4HdDWnGaSZ4psF275P/KsXi4RS9xmDV1SY9c1mqWvbVVyu5qc5P+d8kHbUA==",
      "requires": {
        "@unitybase/codemirror-full": "^1.2.19",
        "@unitybase/cs-shared": "^5.0.16",
        "@unitybase/ub-pub": "^5.2.28",
        "@unitybase/ubm": "^5.1.5",
        "@unitybase/xlsx": "^5.0.42",
        "bluebird": "^3.4.6",
        "bluebird-q": "^2.1.1",
        "codemirror": "^5.20.2",
        "es6-promise": "^4.1.1",
        "file-saver": "^1.3.3",
        "font-awesome": "^4.7.0",
        "js-beautify": "^1.6.12",
        "jszip": "2.6.0",
        "lodash": "^4",
        "mustache": "^2.3.0",
        "mxgraph-js": "^1.0.1",
        "systemjs": "^0.20.18",
        "systemjs-hmr": "^2.0.9",
        "systemjs-plugin-css": "^0.1.32",
        "tinymce": "^4.7.13"
      }
    },
    "@unitybase/adminui-reg": {
      "version": "5.1.5",
      "resolved": "https://registry.unitybase.info:443/@unitybase%2fadminui-reg/-/adminui-reg-5.1.5.tgz",
      "integrity": "sha512-aM1HvQ984VgkxkmV7MezwIQjRNWyA13qf0F4RjZ9ZXNxYNsO5mz4ISgQagq8rHt/MCF0bqMSle6o9T2jiQctEw==",
      "requires": {
        "@unitybase/adminui-pub": "^5.6.24",
        "@unitybase/base": "^5.1.2",
        "@unitybase/ub": "^5.2.3",
        "mustache": "^2.3.0"
      }
    },
    "@unitybase/base": {
      "version": "5.1.2",
      "resolved": "https://registry.unitybase.info:443/@unitybase%2fbase/-/base-5.1.2.tgz",
      "integrity": "sha512-Rv657IMjnFkfVwyvYXixo4BRd7auxRYiIBhYCz1Krnrph2CJHGWczS0AHo2A1CHzYg9x/8pZ3qlvUOY5GSwXMA==",
      "requires": {
        "@unitybase/cryptojs": "^1.0.14",
        "@unitybase/cs-shared": "^5.0.16",
        "lodash": "^4"
      }
    },
    "@unitybase/blob-stores": {
      "version": "5.0.34",
      "resolved": "https://registry.unitybase.info:443/@unitybase%2fblob-stores/-/blob-stores-5.0.34.tgz",
      "integrity": "sha512-Q35HUXrzf3a5gzThmEVictG80zPM7AOEGSFRBjZ3JyA+6gp45pr8iMQeOpGvGrTejcIjBjbRH0ug2+/gPpt98g==",
      "requires": {
        "@unitybase/base": "^5.1.2",
        "@unitybase/cs-shared": "^5.0.16",
        "lodash": "^4",
        "mime-types": "^2.1.12"
      }
    },
    "@unitybase/cdn": {
      "version": "5.0.83",
      "resolved": "https://registry.unitybase.info:443/@unitybase%2fcdn/-/cdn-5.0.83.tgz",
      "integrity": "sha512-57J911HqdqjaHi/KzEX34BsXA65LWZKTefOCF5Se4cZCcl/ek9J26sDdvWBXWQGd2tDGbM8cl60UHRXj4Yac5Q==",
      "requires": {
        "@unitybase/base": "^5.1.2",
        "@unitybase/ub": "^5.2.3",
        "@unitybase/uba": "^5.1.13",
        "@unitybase/ubs": "^5.1.45",
        "lodash": "^4"
      }
    },
    "@unitybase/codemirror-full": {
      "version": "1.2.19",
      "resolved": "https://registry.unitybase.info:443/@unitybase%2fcodemirror-full/-/codemirror-full-1.2.19.tgz",
      "integrity": "sha512-/2Kbvv8hoXA0n/RzWb//sa9nnypQY7xgaMV2NTmN37WKfb2/e02Kc4YQivLKZiVUXbtTwr+i4XkfhHNX5226Lg==",
      "requires": {
        "lodash": "^4"
      }
    },
    "@unitybase/compressors": {
      "version": "5.1.7",
      "resolved": "https://registry.unitybase.info:443/@unitybase%2fcompressors/-/compressors-5.1.7.tgz",
      "integrity": "sha512-nFXYcBrFwN20b8M0xRsuPmBSF8PCZGvhVK0BBmjJDNVagvXHFHgej+BWpV+Y+2XEQ4AnVNiMJLTnSJOBBGR6UQ==",
      "dev": true
    },
    "@unitybase/cryptojs": {
      "version": "1.0.14",
      "resolved": "https://registry.unitybase.info:443/@unitybase%2fcryptojs/-/cryptojs-1.0.14.tgz",
      "integrity": "sha512-yYCM5P0iH+si37bYQ9aw6/Fr5dQmyRNR22cRWLRf2mPa3vgZNIHS7JInBwQ15qDyFsCaCw89Mo4J2UZ6LG4Szg=="
    },
    "@unitybase/cs-shared": {
      "version": "5.0.16",
      "resolved": "https://registry.unitybase.info:443/@unitybase%2fcs-shared/-/cs-shared-5.0.16.tgz",
      "integrity": "sha512-f4HalDb76pFhMDcP0+5q6gihHCZe+BuqAjDpXYq3i+eZRhxbWpchz9QsVRSgO7ZbrlAgkP++urLzexsVG13/jA==",
      "requires": {
        "lodash": "^4"
      }
    },
    "@unitybase/pdf": {
      "version": "5.0.15",
      "resolved": "https://registry.unitybase.info:443/@unitybase%2fpdf/-/pdf-5.0.15.tgz",
      "integrity": "sha512-bLi827tTd2YeAKj4taxsgvK7Tdrk2DXllyw1PkkGYKnBsITvXmhV+uMhEihCzlSKT513bWktc6SA2Npn3hq0MA==",
      "requires": {
        "cf-blob.js": "0.0.1",
        "file-saver": "^1.3.3",
        "lodash": "^4",
        "xmldom": "^0.1.27"
      }
    },
    "@unitybase/ub": {
      "version": "5.2.3",
      "resolved": "https://registry.unitybase.info:443/@unitybase%2fub/-/ub-5.2.3.tgz",
      "integrity": "sha512-QI7+rQi0kevPgU6Crjkak69KcocwYRWorKFOKrdPXvpAmtvmiLENzvZjYEgq6ywpcOdAT+N2j31dlbnZ7Ug9DQ==",
      "requires": {
        "@unitybase/base": "^5.1.2",
        "@unitybase/blob-stores": "^5.0.34",
        "@unitybase/cs-shared": "^5.0.16",
        "lodash": "^4",
        "mime-types": "^2.1.12"
      }
    },
    "@unitybase/ub-pub": {
      "version": "5.2.28",
      "resolved": "https://registry.unitybase.info:443/@unitybase%2fub-pub/-/ub-pub-5.2.28.tgz",
      "integrity": "sha512-LTHlA/GDkXTbNXTW2qutZCcTj/afC0u3EhI65wYt1YRNJLQ4ybESRaUG0+NJ+olpjGWTMachl2rbFgITVZhxYQ==",
      "requires": {
        "@unitybase/cryptojs": "^1.0.14",
        "@unitybase/cs-shared": "^5.0.16",
        "lodash": "^4"
      }
    },
    "@unitybase/uba": {
      "version": "5.1.13",
      "resolved": "https://registry.unitybase.info:443/@unitybase%2fuba/-/uba-5.1.13.tgz",
      "integrity": "sha512-7vzJD63+h3pYpMaEKX/DEvY+O9paaRHKr9Ub3yTUsupRlUrkMLq+7ZEoDlpRSsBaCH6uAyZxiTJ/ph5lTvp+7Q==",
      "requires": {
        "@unitybase/base": "^5.1.2",
        "@unitybase/ub": "^5.2.3",
        "asn1js": "^2.0.19",
        "pkijs": "^2.1.46"
      }
    },
    "@unitybase/ubcli": {
      "version": "5.3.6",
      "resolved": "https://registry.unitybase.info:443/@unitybase%2fubcli/-/ubcli-5.3.6.tgz",
      "integrity": "sha512-LXAxU0fzjfaPjjvKx+lNYkx8Dw00PK4BBRBv1DarhmVfCPm3695DYbKeuK/8YlYClGdRKCnXFZ9G5sVf5g7Ckg==",
      "dev": true,
      "requires": {
        "@unitybase/base": "^5.1.2",
        "@unitybase/compressors": "^5.1.7",
        "@unitybase/cs-shared": "^5.0.16",
        "@unitybase/ub": "^5.2.3",
        "lodash": "^4",
        "mustache": "^2.3.0"
      }
    },
    "@unitybase/ubm": {
      "version": "5.1.5",
      "resolved": "https://registry.unitybase.info:443/@unitybase%2fubm/-/ubm-5.1.5.tgz",
      "integrity": "sha512-Ds/1toeRsLktQKefe0vcrLEZ4IcuUtpjJk6RhjRj67GnAh295CGlybJEbOH3Fz7bne8YCDOUOidDgLqO2+kDeA==",
      "requires": {
        "@unitybase/base": "^5.1.2",
        "@unitybase/cs-shared": "^5.0.16",
        "@unitybase/ub": "^5.2.3",
        "@unitybase/uba": "^5.1.13",
        "@unitybase/ubs": "^5.1.45"
      }
    },
    "@unitybase/ubs": {
      "version": "5.1.45",
      "resolved": "https://registry.unitybase.info:443/@unitybase%2fubs/-/ubs-5.1.45.tgz",
      "integrity": "sha512-2GOPRi7rn9GTmSlhp3VyqL0+zm/pIWQUXKMnbIBKaISNruO+bGwc9Nsap5xoI5uUU2zMK9LPqbNnZPMK8CgMQg==",
      "requires": {
        "@unitybase/base": "^5.1.2",
        "@unitybase/cs-shared": "^5.0.16",
        "@unitybase/pdf": "^5.0.15",
        "@unitybase/ub": "^5.2.3",
        "@unitybase/ub-pub": "^5.2.28",
        "@unitybase/uba": "^5.1.13",
        "@unitybase/xlsx": "^5.0.42",
        "mime-types": "^2.1.14",
        "mustache": "^2.3.0",
        "when": "1.8.1",
        "xmldom": "^0.1.27"
      }
    },
    "@unitybase/xlsx": {
      "version": "5.0.42",
      "resolved": "https://registry.unitybase.info:443/@unitybase%2fxlsx/-/xlsx-5.0.42.tgz",
      "integrity": "sha512-i6uXIRs26y+chxQshsgL0p3jG7J0pEPsG0LSG5/2zoCwRPSnbL0p28Mo4rzYbfVp/kEcyWIgKV4Hy2oJ4dQ0GA==",
      "requires": {
        "@unitybase/base": "^5.1.2",
        "jszip": "2.6.0",
        "lodash": "^4.17.5",
        "mustache": "^2.3.0"
      }
    },
    "abbrev": {
      "version": "1.1.1",
      "resolved": "https://registry.npmjs.org/abbrev/-/abbrev-1.1.1.tgz",
      "integrity": "sha512-nne9/IiQ/hzIhY6pdDnbBtz7DjPTKrY00P/zvPSm5pOFkl6xuGrGnXn/VtTNNfNtAfZ9/1RtehkszU9qcTii0Q=="
    },
    "asn1js": {
      "version": "2.0.21",
      "resolved": "https://registry.npmjs.org/asn1js/-/asn1js-2.0.21.tgz",
      "integrity": "sha512-yfRxOLyqiUvtn0pO7t//tdEet9ZWBWw5nrsHkdSfC5lLKOHYvhdPcULPD3KANSfGCOqHWXxndmOmXf0tZWjNPg==",
      "requires": {
        "pvutils": "^1.0.16"
      }
    },
    "balanced-match": {
      "version": "1.0.0",
      "resolved": "https://registry.npmjs.org/balanced-match/-/balanced-match-1.0.0.tgz",
      "integrity": "sha1-ibTRmasr7kneFk6gK4nORi1xt2c="
    },
    "bluebird": {
      "version": "3.5.3",
      "resolved": "https://registry.npmjs.org/bluebird/-/bluebird-3.5.3.tgz",
      "integrity": "sha512-/qKPUQlaW1OyR51WeCPBvRnAlnZFUJkCSG5HzGnuIqhgyJtF+T94lFnn33eiazjRm2LAHVy2guNnaq48X9SJuw=="
    },
    "bluebird-q": {
      "version": "2.1.1",
      "resolved": "https://registry.npmjs.org/bluebird-q/-/bluebird-q-2.1.1.tgz",
      "integrity": "sha1-cfk9BVVdYNkPJzKK3Vcw2rlOmYs=",
      "requires": {
        "bluebird": "^3.4.6"
      }
    },
    "brace-expansion": {
      "version": "1.1.11",
      "resolved": "https://registry.npmjs.org/brace-expansion/-/brace-expansion-1.1.11.tgz",
      "integrity": "sha512-iCuPHDFgrHX7H2vEI/5xpz07zSHB00TpugqhmYtVmMO6518mCuRMoOYFldEBl0g187ufozdaHgWKcYFb61qGiA==",
      "requires": {
        "balanced-match": "^1.0.0",
        "concat-map": "0.0.1"
      }
    },
    "bytestreamjs": {
      "version": "1.0.22",
      "resolved": "https://registry.npmjs.org/bytestreamjs/-/bytestreamjs-1.0.22.tgz",
      "integrity": "sha512-ePDrnnc/qY2WE2ZB974ydrdDPoxVXO8eM5SJxCPJkkfG36oBq1nNdma5Hae8SIo242DhGd+ZJDVBK/QLhs4TaA=="
    },
    "cf-blob.js": {
      "version": "0.0.1",
      "resolved": "https://registry.npmjs.org/cf-blob.js/-/cf-blob.js-0.0.1.tgz",
      "integrity": "sha1-9at+EueYyvCMz4KMaaug8GPYP5k="
    },
    "codemirror": {
      "version": "5.43.0",
      "resolved": "https://registry.npmjs.org/codemirror/-/codemirror-5.43.0.tgz",
      "integrity": "sha512-mljwQWUaWIf85I7QwTBryF2ASaIvmYAL4s5UCanCJFfKeXOKhrqdHWdHiZWAMNT+hjLTCnVx2S/SYTORIgxsgA=="
    },
    "commander": {
      "version": "2.19.0",
      "resolved": "https://registry.npmjs.org/commander/-/commander-2.19.0.tgz",
      "integrity": "sha512-6tvAOO+D6OENvRAh524Dh9jcfKTYDQAqvqezbCW82xj5X0pSrcpxtvRKHLG0yBY6SD7PSDrJaj+0AiOcKVd1Xg=="
    },
    "concat-map": {
      "version": "0.0.1",
      "resolved": "https://registry.npmjs.org/concat-map/-/concat-map-0.0.1.tgz",
      "integrity": "sha1-2Klr13/Wjfd5OnMDajug1UBdR3s="
    },
    "config-chain": {
      "version": "1.1.12",
      "resolved": "https://registry.npmjs.org/config-chain/-/config-chain-1.1.12.tgz",
      "integrity": "sha512-a1eOIcu8+7lUInge4Rpf/n4Krkf3Dd9lqhljRzII1/Zno/kRtUWnznPO3jOKBmTEktkt3fkxisUcivoj0ebzoA==",
      "requires": {
        "ini": "^1.3.4",
        "proto-list": "~1.2.1"
      }
    },
    "editorconfig": {
      "version": "0.15.2",
      "resolved": "https://registry.npmjs.org/editorconfig/-/editorconfig-0.15.2.tgz",
      "integrity": "sha512-GWjSI19PVJAM9IZRGOS+YKI8LN+/sjkSjNyvxL5ucqP9/IqtYNXBaQ/6c/hkPNYQHyOHra2KoXZI/JVpuqwmcQ==",
      "requires": {
        "@types/node": "^10.11.7",
        "@types/semver": "^5.5.0",
        "commander": "^2.19.0",
        "lru-cache": "^4.1.3",
        "semver": "^5.6.0",
        "sigmund": "^1.0.1"
      }
    },
    "es6-promise": {
      "version": "4.2.5",
      "resolved": "https://registry.npmjs.org/es6-promise/-/es6-promise-4.2.5.tgz",
      "integrity": "sha512-n6wvpdE43VFtJq+lUDYDBFUwV8TZbuGXLV4D6wKafg13ldznKsyEvatubnmUe31zcvelSzOHF+XbaT+Bl9ObDg=="
    },
    "file-saver": {
      "version": "1.3.8",
      "resolved": "https://registry.npmjs.org/file-saver/-/file-saver-1.3.8.tgz",
      "integrity": "sha512-spKHSBQIxxS81N/O21WmuXA2F6wppUCsutpzenOeZzOCCJ5gEfcbqJP983IrpLXzYmXnMUa6J03SubcNPdKrlg=="
    },
    "font-awesome": {
      "version": "4.7.0",
      "resolved": "https://registry.npmjs.org/font-awesome/-/font-awesome-4.7.0.tgz",
      "integrity": "sha1-j6jPBBGhoxr9B7BtKQK7n8gVoTM="
    },
    "fs.realpath": {
      "version": "1.0.0",
      "resolved": "https://registry.npmjs.org/fs.realpath/-/fs.realpath-1.0.0.tgz",
      "integrity": "sha1-FQStJSMVjKpA20onh8sBQRmU6k8="
    },
    "glob": {
      "version": "7.1.3",
      "resolved": "https://registry.npmjs.org/glob/-/glob-7.1.3.tgz",
      "integrity": "sha512-vcfuiIxogLV4DlGBHIUOwI0IbrJ8HWPc4MU7HzviGeNho/UJDfi6B5p3sHeWIQ0KGIU0Jpxi5ZHxemQfLkkAwQ==",
      "requires": {
        "fs.realpath": "^1.0.0",
        "inflight": "^1.0.4",
        "inherits": "2",
        "minimatch": "^3.0.4",
        "once": "^1.3.0",
        "path-is-absolute": "^1.0.0"
      }
    },
    "inflight": {
      "version": "1.0.6",
      "resolved": "https://registry.npmjs.org/inflight/-/inflight-1.0.6.tgz",
      "integrity": "sha1-Sb1jMdfQLQwJvJEKEHW6gWW1bfk=",
      "requires": {
        "once": "^1.3.0",
        "wrappy": "1"
      }
    },
    "inherits": {
      "version": "2.0.3",
      "resolved": "https://registry.npmjs.org/inherits/-/inherits-2.0.3.tgz",
      "integrity": "sha1-Yzwsg+PaQqUC9SRmAiSA9CCCYd4="
    },
    "ini": {
      "version": "1.3.5",
      "resolved": "https://registry.npmjs.org/ini/-/ini-1.3.5.tgz",
      "integrity": "sha512-RZY5huIKCMRWDUqZlEi72f/lmXKMvuszcMBduliQ3nnWbx9X/ZBQO7DijMEYS9EhHBb2qacRUMtC7svLwe0lcw=="
    },
    "js-beautify": {
      "version": "1.8.9",
      "resolved": "https://registry.npmjs.org/js-beautify/-/js-beautify-1.8.9.tgz",
      "integrity": "sha512-MwPmLywK9RSX0SPsUJjN7i+RQY9w/yC17Lbrq9ViEefpLRgqAR2BgrMN2AbifkUuhDV8tRauLhLda/9+bE0YQA==",
      "requires": {
        "config-chain": "^1.1.12",
        "editorconfig": "^0.15.2",
        "glob": "^7.1.3",
        "mkdirp": "~0.5.0",
        "nopt": "~4.0.1"
      }
    },
    "jszip": {
      "version": "2.6.0",
      "resolved": "https://registry.npmjs.org/jszip/-/jszip-2.6.0.tgz",
      "integrity": "sha1-f7PpwvEciphAYS212rvIzzp1NLc=",
      "requires": {
        "pako": "~1.0.0"
      }
    },
    "lodash": {
      "version": "4.17.11",
      "resolved": "https://registry.npmjs.org/lodash/-/lodash-4.17.11.tgz",
      "integrity": "sha512-cQKh8igo5QUhZ7lg38DYWAxMvjSAKG0A8wGSVimP07SIUEK2UO+arSRKbRZWtelMtN5V0Hkwh5ryOto/SshYIg=="
    },
    "lru-cache": {
      "version": "4.1.5",
      "resolved": "https://registry.npmjs.org/lru-cache/-/lru-cache-4.1.5.tgz",
      "integrity": "sha512-sWZlbEP2OsHNkXrMl5GYk/jKk70MBng6UU4YI/qGDYbgf6YbP4EvmqISbXCoJiRKs+1bSpFHVgQxvJ17F2li5g==",
      "requires": {
        "pseudomap": "^1.0.2",
        "yallist": "^2.1.2"
      }
    },
    "mime-db": {
      "version": "1.37.0",
      "resolved": "https://registry.npmjs.org/mime-db/-/mime-db-1.37.0.tgz",
      "integrity": "sha512-R3C4db6bgQhlIhPU48fUtdVmKnflq+hRdad7IyKhtFj06VPNVdk2RhiYL3UjQIlso8L+YxAtFkobT0VK+S/ybg=="
    },
    "mime-types": {
      "version": "2.1.21",
      "resolved": "https://registry.npmjs.org/mime-types/-/mime-types-2.1.21.tgz",
      "integrity": "sha512-3iL6DbwpyLzjR3xHSFNFeb9Nz/M8WDkX33t1GFQnFOllWk8pOrh/LSrB5OXlnlW5P9LH73X6loW/eogc+F5lJg==",
      "requires": {
        "mime-db": "~1.37.0"
      }
    },
    "minimatch": {
      "version": "3.0.4",
      "resolved": "https://registry.npmjs.org/minimatch/-/minimatch-3.0.4.tgz",
      "integrity": "sha512-yJHVQEhyqPLUTgt9B83PXu6W3rx4MvvHvSUvToogpwoGDOUQ+yDrR0HRot+yOCdCO7u4hX3pWft6kWBBcqh0UA==",
      "requires": {
        "brace-expansion": "^1.1.7"
      }
    },
    "minimist": {
      "version": "0.0.8",
      "resolved": "https://registry.npmjs.org/minimist/-/minimist-0.0.8.tgz",
      "integrity": "sha1-hX/Kv8M5fSYluCKCYuhqp6ARsF0="
    },
    "mkdirp": {
      "version": "0.5.1",
      "resolved": "https://registry.npmjs.org/mkdirp/-/mkdirp-0.5.1.tgz",
      "integrity": "sha1-MAV0OOrGz3+MR2fzhkjWaX11yQM=",
      "requires": {
        "minimist": "0.0.8"
      }
    },
    "mustache": {
      "version": "2.3.2",
      "resolved": "https://registry.npmjs.org/mustache/-/mustache-2.3.2.tgz",
      "integrity": "sha512-KpMNwdQsYz3O/SBS1qJ/o3sqUJ5wSb8gb0pul8CO0S56b9Y2ALm8zCfsjPXsqGFfoNBkDwZuZIAjhsZI03gYVQ=="
    },
    "mxgraph-js": {
      "version": "1.0.1",
      "resolved": "https://registry.npmjs.org/mxgraph-js/-/mxgraph-js-1.0.1.tgz",
      "integrity": "sha1-IXectONRZu0rJAdeqi2UR5kGdaM="
    },
    "nopt": {
      "version": "4.0.1",
      "resolved": "https://registry.npmjs.org/nopt/-/nopt-4.0.1.tgz",
      "integrity": "sha1-0NRoWv1UFRk8jHUFYC0NF81kR00=",
      "requires": {
        "abbrev": "1",
        "osenv": "^0.1.4"
      }
    },
    "once": {
      "version": "1.4.0",
      "resolved": "https://registry.npmjs.org/once/-/once-1.4.0.tgz",
      "integrity": "sha1-WDsap3WWHUsROsF9nFC6753Xa9E=",
      "requires": {
        "wrappy": "1"
      }
    },
    "os-homedir": {
      "version": "1.0.2",
      "resolved": "https://registry.npmjs.org/os-homedir/-/os-homedir-1.0.2.tgz",
      "integrity": "sha1-/7xJiDNuDoM94MFox+8VISGqf7M="
    },
    "os-tmpdir": {
      "version": "1.0.2",
      "resolved": "https://registry.npmjs.org/os-tmpdir/-/os-tmpdir-1.0.2.tgz",
      "integrity": "sha1-u+Z0BseaqFxc/sdm/lc0VV36EnQ="
    },
    "osenv": {
      "version": "0.1.5",
      "resolved": "https://registry.npmjs.org/osenv/-/osenv-0.1.5.tgz",
      "integrity": "sha512-0CWcCECdMVc2Rw3U5w9ZjqX6ga6ubk1xDVKxtBQPK7wis/0F2r9T6k4ydGYhecl7YUBxBVxhL5oisPsNxAPe2g==",
      "requires": {
        "os-homedir": "^1.0.0",
        "os-tmpdir": "^1.0.0"
      }
    },
    "pako": {
      "version": "1.0.8",
      "resolved": "https://registry.npmjs.org/pako/-/pako-1.0.8.tgz",
      "integrity": "sha512-6i0HVbUfcKaTv+EG8ZTr75az7GFXcLYk9UyLEg7Notv/Ma+z/UG3TCoz6GiNeOrn1E/e63I0X/Hpw18jHOTUnA=="
    },
    "path-is-absolute": {
      "version": "1.0.1",
      "resolved": "https://registry.npmjs.org/path-is-absolute/-/path-is-absolute-1.0.1.tgz",
      "integrity": "sha1-F0uSaHNVNP+8es5r9TpanhtcX18="
    },
    "pkijs": {
      "version": "2.1.74",
      "resolved": "https://registry.npmjs.org/pkijs/-/pkijs-2.1.74.tgz",
      "integrity": "sha512-H8Tp0rYzfNAnt76kj0pPL4W6QuaRqqPhU/fp6/NJrlMjHruyaflNQF/El3k1Q5eP+QMHwA5c4YCwL37IE9IDqQ==",
      "requires": {
        "asn1js": "^2.0.21",
        "bytestreamjs": "^1.0.22",
        "pvutils": "^1.0.16"
      },
      "dependencies": {
        "asn1js": {
          "version": "2.0.21",
          "resolved": "https://registry.npmjs.org/asn1js/-/asn1js-2.0.21.tgz",
          "integrity": "sha512-yfRxOLyqiUvtn0pO7t//tdEet9ZWBWw5nrsHkdSfC5lLKOHYvhdPcULPD3KANSfGCOqHWXxndmOmXf0tZWjNPg==",
          "requires": {
            "pvutils": "^1.0.16"
          }
        }
      }
    },
    "proto-list": {
      "version": "1.2.4",
      "resolved": "https://registry.npmjs.org/proto-list/-/proto-list-1.2.4.tgz",
      "integrity": "sha1-IS1b/hMYMGpCD2QCuOJv85ZHqEk="
    },
    "pseudomap": {
      "version": "1.0.2",
      "resolved": "https://registry.npmjs.org/pseudomap/-/pseudomap-1.0.2.tgz",
      "integrity": "sha1-8FKijacOYYkX7wqKw0wa5aaChrM="
    },
    "pvutils": {
      "version": "1.0.16",
      "resolved": "https://registry.npmjs.org/pvutils/-/pvutils-1.0.16.tgz",
      "integrity": "sha512-+8C8cKbON+UH3GxGRdF0xHwiaVhq0+lsHcUgN/MZLCLtvcYhVP3fQPhrnkucK2v/RqRuq4pw1jjyF9PwW9f7mA=="
    },
    "semver": {
      "version": "5.6.0",
      "resolved": "https://registry.npmjs.org/semver/-/semver-5.6.0.tgz",
      "integrity": "sha512-RS9R6R35NYgQn++fkDWaOmqGoj4Ek9gGs+DPxNUZKuwE183xjJroKvyo1IzVFeXvUrvmALy6FWD5xrdJT25gMg=="
    },
    "sigmund": {
      "version": "1.0.1",
      "resolved": "https://registry.npmjs.org/sigmund/-/sigmund-1.0.1.tgz",
      "integrity": "sha1-P/IfGYytIXX587eBhT/ZTQ0ZtZA="
    },
    "systemjs": {
      "version": "0.20.19",
      "resolved": "https://registry.npmjs.org/systemjs/-/systemjs-0.20.19.tgz",
      "integrity": "sha512-H/rKwNEEyej/+IhkmFNmKFyJul8tbH/muiPq5TyNoVTwsGhUjRsN3NlFnFQUvFXA3+GQmsXkCNXU6QKPl779aw=="
    },
    "systemjs-hmr": {
      "version": "2.0.9",
      "resolved": "https://registry.npmjs.org/systemjs-hmr/-/systemjs-hmr-2.0.9.tgz",
      "integrity": "sha1-JOk1MbfjPca0ZSoXx5thYYIDwDM="
    },
    "systemjs-plugin-css": {
      "version": "0.1.37",
      "resolved": "https://registry.npmjs.org/systemjs-plugin-css/-/systemjs-plugin-css-0.1.37.tgz",
      "integrity": "sha512-wCGG62zYXuOlNji5FlBjeMFAnLeAO/HQmFg+8UBX/mlHoAKLHlGFYRstlhGKibRU2oxk/BH9DaihOuhhNLi7Kg=="
    },
    "tinymce": {
      "version": "4.9.3",
      "resolved": "https://registry.npmjs.org/tinymce/-/tinymce-4.9.3.tgz",
      "integrity": "sha512-3IjnswgmzJJSgaJR9+tOPK7UYlHoxv8YzUi8ChqetIt1uljRycyqSu8aq1DOyPc+WJCZi9fWo9fEHCEAIYGaLg=="
    },
    "when": {
      "version": "1.8.1",
      "resolved": "https://registry.npmjs.org/when/-/when-1.8.1.tgz",
      "integrity": "sha1-7Hb2SF71Ycsr8/p/pFAGs02uT4M="
    },
    "wrappy": {
      "version": "1.0.2",
      "resolved": "https://registry.npmjs.org/wrappy/-/wrappy-1.0.2.tgz",
      "integrity": "sha1-tSQ9jz7BqjXxNkYFvA0QNuMKtp8="
    },
    "xmldom": {
      "version": "0.1.27",
      "resolved": "https://registry.npmjs.org/xmldom/-/xmldom-0.1.27.tgz",
      "integrity": "sha1-1QH5ezvbQDr4757MIFcxh6rawOk="
    },
    "yallist": {
      "version": "2.1.2",
      "resolved": "https://registry.npmjs.org/yallist/-/yallist-2.1.2.tgz",
      "integrity": "sha1-HBH5IY8HYImkfdUS+TxmmaaoHVI="
    }
  }
}
